
Microsoft Visual Studio Solution File, Format Version 12.00
# Visual Studio Version 17
VisualStudioVersion = 17.11.35312.102
MinimumVisualStudioVersion = 10.0.40219.1
Project("{9A19103F-16F7-4668-BE54-9A1E7A4F7556}") = "SlittingDashboard", "SlittingDashboard.csproj", "{CF5A4902-02C9-40C3-B363-DE5963EDE5F1}"
EndProject
Global
	GlobalSection(SolutionConfigurationPlatforms) = preSolution
		Debug|Any CPU = Debug|Any CPU
		Release|Any CPU = Release|Any CPU
	EndGlobalSection
	GlobalSection(ProjectConfigurationPlatforms) = postSolution
		{CF5A4902-02C9-40C3-B363-DE5963EDE5F1}.Debug|Any CPU.ActiveCfg = Debug|Any CPU
		{CF5A4902-02C9-40C3-B363-DE5963EDE5F1}.Debug|Any CPU.Build.0 = Debug|Any CPU
		{CF5A4902-02C9-40C3-B363-DE5963EDE5F1}.Release|Any CPU.ActiveCfg = Release|Any CPU
		{CF5A4902-02C9-40C3-B363-DE5963EDE5F1}.Release|Any CPU.Build.0 = Release|Any CPU
	EndGlobalSection
	GlobalSection(SolutionProperties) = preSolution
		HideSolutionNode = FALSE
	EndGlobalSection
	GlobalSection(ExtensibilityGlobals) = postSolution
		SolutionGuid = {4FC81D1C-D90C-4908-8F0B-E0104FCC2C35}
	EndGlobalSection
EndGlobal
